// !$*UTF8*$!
{
	archiveVersion = 1;
	classes = {
	};
	objectVersion = 51;
	objects = {

/* Begin PBXBuildFile section */
		A1C8848306E43732C5BE87B6 /* Pods_Chat_app.framework in Frameworks */ = {isa = PBXBuildFile; fileRef = D0C52530FC1BDA0D1B3C7A6D /* Pods_Chat_app.framework */; };
		BB188D5124B199DB003F88A3 /* RegisterViewController.swift in Sources */ = {isa = PBXBuildFile; fileRef = BB188D5024B199DB003F88A3 /* RegisterViewController.swift */; };
		BB6183D224B58AA6001E173A /* CustomCell.swift in Sources */ = {isa = PBXBuildFile; fileRef = BB6183D024B58AA6001E173A /* CustomCell.swift */; };
		BB6183D324B58AA6001E173A /* CustomCell.xib in Resources */ = {isa = PBXBuildFile; fileRef = BB6183D124B58AA6001E173A /* CustomCell.xib */; };
		BB6183D524B5A801001E173A /* Message.swift in Sources */ = {isa = PBXBuildFile; fileRef = BB6183D424B5A801001E173A /* Message.swift */; };
		BB7434EC24B1AE4B00292900 /* ChatViewController.swift in Sources */ = {isa = PBXBuildFile; fileRef = BB7434EB24B1AE4B00292900 /* ChatViewController.swift */; };
		BB7434EE24B1AF4200292900 /* LoginViewController.swift in Sources */ = {isa = PBXBuildFile; fileRef = BB7434ED24B1AF4200292900 /* LoginViewController.swift */; };
		BBCFD27D24AD740600B994FE /* AppDelegate.swift in Sources */ = {isa = PBXBuildFile; fileRef = BBCFD27C24AD740600B994FE /* AppDelegate.swift */; };
		BBCFD27F24AD740600B994FE /* SceneDelegate.swift in Sources */ = {isa = PBXBuildFile; fileRef = BBCFD27E24AD740600B994FE /* SceneDelegate.swift */; };
		BBCFD28124AD740600B994FE /* ViewController.swift in Sources */ = {isa = PBXBuildFile; fileRef = BBCFD28024AD740600B994FE /* ViewController.swift */; };
		BBCFD28424AD740600B994FE /* Main.storyboard in Resources */ = {isa = PBXBuildFile; fileRef = BBCFD28224AD740600B994FE /* Main.storyboard */; };
		BBCFD28624AD740800B994FE /* Assets.xcassets in Resources */ = {isa = PBXBuildFile; fileRef = BBCFD28524AD740800B994FE /* Assets.xcassets */; };
		BBCFD28924AD740800B994FE /* LaunchScreen.storyboard in Resources */ = {isa = PBXBuildFile; fileRef = BBCFD28724AD740800B994FE /* LaunchScreen.storyboard */; };
		BBDD5B6F24B6B7CE009CCC13 /* GoogleService-Info.plist in Resources */ = {isa = PBXBuildFile; fileRef = BBDD5B6E24B6B7CE009CCC13 /* GoogleService-Info.plist */; };
		BBDD5B7124B6B917009CCC13 /* loading.json in Resources */ = {isa = PBXBuildFile; fileRef = BBDD5B7024B6B917009CCC13 /* loading.json */; };
/* End PBXBuildFile section */

/* Begin PBXFileReference section */
		08C6A0858249196084FCC42D /* Pods-Chat-app.release.xcconfig */ = {isa = PBXFileReference; includeInIndex = 1; lastKnownFileType = text.xcconfig; name = "Pods-Chat-app.release.xcconfig"; path = "Target Support Files/Pods-Chat-app/Pods-Chat-app.release.xcconfig"; sourceTree = "<group>"; };
		BB188D5024B199DB003F88A3 /* RegisterViewController.swift */ = {isa = PBXFileReference; lastKnownFileType = sourcecode.swift; path = RegisterViewController.swift; sourceTree = "<group>"; };
		BB6183D024B58AA6001E173A /* CustomCell.swift */ = {isa = PBXFileReference; lastKnownFileType = sourcecode.swift; path = CustomCell.swift; sourceTree = "<group>"; };
		BB6183D124B58AA6001E173A /* CustomCell.xib */ = {isa = PBXFileReference; lastKnownFileType = file.xib; path = CustomCell.xib; sourceTree = "<group>"; };
		BB6183D424B5A801001E173A /* Message.swift */ = {isa = PBXFileReference; lastKnownFileType = sourcecode.swift; path = Message.swift; sourceTree = "<group>"; };
		BB7434EB24B1AE4B00292900 /* ChatViewController.swift */ = {isa = PBXFileReference; lastKnownFileType = sourcecode.swift; path = ChatViewController.swift; sourceTree = "<group>"; };
		BB7434ED24B1AF4200292900 /* LoginViewController.swift */ = {isa = PBXFileReference; lastKnownFileType = sourcecode.swift; path = LoginViewController.swift; sourceTree = "<group>"; };
		BBCFD27924AD740600B994FE /* Chat-app.app */ = {isa = PBXFileReference; explicitFileType = wrapper.application; includeInIndex = 0; path = "Chat-app.app"; sourceTree = BUILT_PRODUCTS_DIR; };
		BBCFD27C24AD740600B994FE /* AppDelegate.swift */ = {isa = PBXFileReference; lastKnownFileType = sourcecode.swift; path = AppDelegate.swift; sourceTree = "<group>"; };
		BBCFD27E24AD740600B994FE /* SceneDelegate.swift */ = {isa = PBXFileReference; lastKnownFileType = sourcecode.swift; path = SceneDelegate.swift; sourceTree = "<group>"; };
		BBCFD28024AD740600B994FE /* ViewController.swift */ = {isa = PBXFileReference; lastKnownFileType = sourcecode.swift; path = ViewController.swift; sourceTree = "<group>"; };
		BBCFD28324AD740600B994FE /* Base */ = {isa = PBXFileReference; lastKnownFileType = file.storyboard; name = Base; path = Base.lproj/Main.storyboard; sourceTree = "<group>"; };
		BBCFD28524AD740800B994FE /* Assets.xcassets */ = {isa = PBXFileReference; lastKnownFileType = folder.assetcatalog; path = Assets.xcassets; sourceTree = "<group>"; };
		BBCFD28824AD740800B994FE /* Base */ = {isa = PBXFileReference; lastKnownFileType = file.storyboard; name = Base; path = Base.lproj/LaunchScreen.storyboard; sourceTree = "<group>"; };
		BBCFD28A24AD740800B994FE /* Info.plist */ = {isa = PBXFileReference; lastKnownFileType = text.plist.xml; path = Info.plist; sourceTree = "<group>"; };
		BBDD5B6E24B6B7CE009CCC13 /* GoogleService-Info.plist */ = {isa = PBXFileReference; fileEncoding = 4; lastKnownFileType = text.plist.xml; path = "GoogleService-Info.plist"; sourceTree = "<group>"; };
		BBDD5B7024B6B917009CCC13 /* loading.json */ = {isa = PBXFileReference; fileEncoding = 4; lastKnownFileType = text.json; path = loading.json; sourceTree = "<group>"; };
		D0C52530FC1BDA0D1B3C7A6D /* Pods_Chat_app.framework */ = {isa = PBXFileReference; explicitFileType = wrapper.framework; includeInIndex = 0; path = Pods_Chat_app.framework; sourceTree = BUILT_PRODUCTS_DIR; };
		F84F7A599ACC86909B89BDC0 /* Pods-Chat-app.debug.xcconfig */ = {isa = PBXFileReference; includeInIndex = 1; lastKnownFileType = text.xcconfig; name = "Pods-Chat-app.debug.xcconfig"; path = "Target Support Files/Pods-Chat-app/Pods-Chat-app.debug.xcconfig"; sourceTree = "<group>"; };
/* End PBXFileReference section */

/* Begin PBXFrameworksBuildPhase section */
		BBCFD27624AD740600B994FE /* Frameworks */ = {
			isa = PBXFrameworksBuildPhase;
			buildActionMask = 2147483647;
			files = (
				A1C8848306E43732C5BE87B6 /* Pods_Chat_app.framework in Frameworks */,
			);
			runOnlyForDeploymentPostprocessing = 0;
		};
/* End PBXFrameworksBuildPhase section */

/* Begin PBXGroup section */
		4C06DCD35426C70FA276F3D5 /* Frameworks */ = {
			isa = PBXGroup;
			children = (
				D0C52530FC1BDA0D1B3C7A6D /* Pods_Chat_app.framework */,
			);
			name = Frameworks;
			sourceTree = "<group>";
		};
		BB188D4D24B19910003F88A3 /* Model */ = {
			isa = PBXGroup;
			children = (
				BB6183D424B5A801001E173A /* Message.swift */,
			);
			path = Model;
			sourceTree = "<group>";
		};
		BB188D4E24B19917003F88A3 /* View */ = {
			isa = PBXGroup;
			children = (
				BBCFD28224AD740600B994FE /* Main.storyboard */,
				BBCFD28524AD740800B994FE /* Assets.xcassets */,
				BB6183D024B58AA6001E173A /* CustomCell.swift */,
				BB6183D124B58AA6001E173A /* CustomCell.xib */,
			);
			path = View;
			sourceTree = "<group>";
		};
		BB188D4F24B1991C003F88A3 /* Controoler */ = {
			isa = PBXGroup;
			children = (
				BBCFD27C24AD740600B994FE /* AppDelegate.swift */,
				BBCFD27E24AD740600B994FE /* SceneDelegate.swift */,
				BBCFD28024AD740600B994FE /* ViewController.swift */,
				BB188D5024B199DB003F88A3 /* RegisterViewController.swift */,
				BB7434ED24B1AF4200292900 /* LoginViewController.swift */,
				BB7434EB24B1AE4B00292900 /* ChatViewController.swift */,
			);
			path = Controoler;
			sourceTree = "<group>";
		};
		BBCFD27024AD740600B994FE = {
			isa = PBXGroup;
			children = (
				BBCFD27B24AD740600B994FE /* Chat-app */,
				BBCFD27A24AD740600B994FE /* Products */,
				DC4841DACA833563440EFBC6 /* Pods */,
				4C06DCD35426C70FA276F3D5 /* Frameworks */,
			);
			sourceTree = "<group>";
		};
		BBCFD27A24AD740600B994FE /* Products */ = {
			isa = PBXGroup;
			children = (
				BBCFD27924AD740600B994FE /* Chat-app.app */,
			);
			name = Products;
			sourceTree = "<group>";
		};
		BBCFD27B24AD740600B994FE /* Chat-app */ = {
			isa = PBXGroup;
			children = (
				BB188D4D24B19910003F88A3 /* Model */,
				BB188D4F24B1991C003F88A3 /* Controoler */,
				BB188D4E24B19917003F88A3 /* View */,
				BBCFD28724AD740800B994FE /* LaunchScreen.storyboard */,
				BBDD5B7024B6B917009CCC13 /* loading.json */,
				BBCFD28A24AD740800B994FE /* Info.plist */,
				BBDD5B6E24B6B7CE009CCC13 /* GoogleService-Info.plist */,
			);
			path = "Chat-app";
			sourceTree = "<group>";
		};
		DC4841DACA833563440EFBC6 /* Pods */ = {
			isa = PBXGroup;
			children = (
				F84F7A599ACC86909B89BDC0 /* Pods-Chat-app.debug.xcconfig */,
				08C6A0858249196084FCC42D /* Pods-Chat-app.release.xcconfig */,
			);
			path = Pods;
			sourceTree = "<group>";
		};
/* End PBXGroup section */

/* Begin PBXNativeTarget section */
		BBCFD27824AD740600B994FE /* Chat-app */ = {
			isa = PBXNativeTarget;
			buildConfigurationList = BBCFD28D24AD740800B994FE /* Build configuration list for PBXNativeTarget "Chat-app" */;
			buildPhases = (
				D6E6573F747AC207E5C32D13 /* [CP] Check Pods Manifest.lock */,
				BBCFD27524AD740600B994FE /* Sources */,
				BBCFD27624AD740600B994FE /* Frameworks */,
				BBCFD27724AD740600B994FE /* Resources */,
				83405B6F25F5F60B6061FE54 /* [CP] Embed Pods Frameworks */,
			);
			buildRules = (
			);
			dependencies = (
			);
			name = "Chat-app";
			productName = "Chat-app";
			productReference = BBCFD27924AD740600B994FE /* Chat-app.app */;
			productType = "com.apple.product-type.application";
		};
/* End PBXNativeTarget section */

/* Begin PBXProject section */
		BBCFD27124AD740600B994FE /* Project object */ = {
			isa = PBXProject;
			attributes = {
				LastSwiftUpdateCheck = 1140;
				LastUpgradeCheck = 1140;
				ORGANIZATIONNAME = "Yuki Fukui";
				TargetAttributes = {
					BBCFD27824AD740600B994FE = {
						CreatedOnToolsVersion = 11.4.1;
					};
				};
			};
			buildConfigurationList = BBCFD27424AD740600B994FE /* Build configuration list for PBXProject "Chat-app" */;
			compatibilityVersion = "Xcode 9.3";
			developmentRegion = en;
			hasScannedForEncodings = 0;
			knownRegions = (
				en,
				Base,
			);
			mainGroup = BBCFD27024AD740600B994FE;
			productRefGroup = BBCFD27A24AD740600B994FE /* Products */;
			projectDirPath = "";
			projectRoot = "";
			targets = (
				BBCFD27824AD740600B994FE /* Chat-app */,
			);
		};
/* End PBXProject section */

/* Begin PBXResourcesBuildPhase section */
		BBCFD27724AD740600B994FE /* Resources */ = {
			isa = PBXResourcesBuildPhase;
			buildActionMask = 2147483647;
			files = (
				BBDD5B6F24B6B7CE009CCC13 /* GoogleService-Info.plist in Resources */,
				BBCFD28924AD740800B994FE /* LaunchScreen.storyboard in Resources */,
				BBDD5B7124B6B917009CCC13 /* loading.json in Resources */,
				BBCFD28624AD740800B994FE /* Assets.xcassets in Resources */,
				BB6183D324B58AA6001E173A /* CustomCell.xib in Resources */,
				BBCFD28424AD740600B994FE /* Main.storyboard in Resources */,
			);
			runOnlyForDeploymentPostprocessing = 0;
		};
/* End PBXResourcesBuildPhase section */

/* Begin PBXShellScriptBuildPhase section */
		83405B6F25F5F60B6061FE54 /* [CP] Embed Pods Frameworks */ = {
			isa = PBXShellScriptBuildPhase;
			buildActionMask = 2147483647;
			files = (
			);
			inputFileListPaths = (
				"${PODS_ROOT}/Target Support Files/Pods-Chat-app/Pods-Chat-app-frameworks-${CONFIGURATION}-input-files.xcfilelist",
			);
			name = "[CP] Embed Pods Frameworks";
			outputFileListPaths = (
				"${PODS_ROOT}/Target Support Files/Pods-Chat-app/Pods-Chat-app-frameworks-${CONFIGURATION}-output-files.xcfilelist",
			);
			runOnlyForDeploymentPostprocessing = 0;
			shellPath = /bin/sh;
			shellScript = "\"${PODS_ROOT}/Target Support Files/Pods-Chat-app/Pods-Chat-app-frameworks.sh\"\n";
			showEnvVarsInLog = 0;
		};
		D6E6573F747AC207E5C32D13 /* [CP] Check Pods Manifest.lock */ = {
			isa = PBXShellScriptBuildPhase;
			buildActionMask = 2147483647;
			files = (
			);
			inputFileListPaths = (
			);
			inputPaths = (
				"${PODS_PODFILE_DIR_PATH}/Podfile.lock",
				"${PODS_ROOT}/Manifest.lock",
			);
			name = "[CP] Check Pods Manifest.lock";
			outputFileListPaths = (
			);
			outputPaths = (
				"$(DERIVED_FILE_DIR)/Pods-Chat-app-checkManifestLockResult.txt",
			);
			runOnlyForDeploymentPostprocessing = 0;
			shellPath = /bin/sh;
			shellScript = "diff \"${PODS_PODFILE_DIR_PATH}/Podfile.lock\" \"${PODS_ROOT}/Manifest.lock\" > /dev/null\nif [ $? != 0 ] ; then\n    # print error to STDERR\n    echo \"error: The sandbox is not in sync with the Podfile.lock. Run 'pod install' or update your CocoaPods installation.\" >&2\n    exit 1\nfi\n# This output is used by Xcode 'outputs' to avoid re-running this script phase.\necho \"SUCCESS\" > \"${SCRIPT_OUTPUT_FILE_0}\"\n";
			showEnvVarsInLog = 0;
		};
/* End PBXShellScriptBuildPhase section */

/* Begin PBXSourcesBuildPhase section */
		BBCFD27524AD740600B994FE /* Sources */ = {
			isa = PBXSourcesBuildPhase;
			buildActionMask = 2147483647;
			files = (
				BB7434EE24B1AF4200292900 /* LoginViewController.swift in Sources */,
				BBCFD28124AD740600B994FE /* ViewController.swift in Sources */,
				BBCFD27D24AD740600B994FE /* AppDelegate.swift in Sources */,
				BBCFD27F24AD740600B994FE /* SceneDelegate.swift in Sources */,
				BB7434EC24B1AE4B00292900 /* ChatViewController.swift in Sources */,
				BB6183D524B5A801001E173A /* Message.swift in Sources */,
				BB6183D224B58AA6001E173A /* CustomCell.swift in Sources */,
				BB188D5124B199DB003F88A3 /* RegisterViewController.swift in Sources */,
			);
			runOnlyForDeploymentPostprocessing = 0;
		};
/* End PBXSourcesBuildPhase section */

/* Begin PBXVariantGroup section */
		BBCFD28224AD740600B994FE /* Main.storyboard */ = {
			isa = PBXVariantGroup;
			children = (
				BBCFD28324AD740600B994FE /* Base */,
			);
			name = Main.storyboard;
			sourceTree = "<group>";
		};
		BBCFD28724AD740800B994FE /* LaunchScreen.storyboard */ = {
			isa = PBXVariantGroup;
			children = (
				BBCFD28824AD740800B994FE /* Base */,
			);
			name = LaunchScreen.storyboard;
			sourceTree = "<group>";
		};
/* End PBXVariantGroup section */

/* Begin XCBuildConfiguration section */
		BBCFD28B24AD740800B994FE /* Debug */ = {
			isa = XCBuildConfiguration;
			buildSettings = {
				ALWAYS_SEARCH_USER_PATHS = NO;
				CLANG_ANALYZER_NONNULL = YES;
				CLANG_ANALYZER_NUMBER_OBJECT_CONVERSION = YES_AGGRESSIVE;
				CLANG_CXX_LANGUAGE_STANDARD = "gnu++14";
				CLANG_CXX_LIBRARY = "libc++";
				CLANG_ENABLE_MODULES = YES;
				CLANG_ENABLE_OBJC_ARC = YES;
				CLANG_ENABLE_OBJC_WEAK = YES;
				CLANG_WARN_BLOCK_CAPTURE_AUTORELEASING = YES;
				CLANG_WARN_BOOL_CONVERSION = YES;
				CLANG_WARN_COMMA = YES;
				CLANG_WARN_CONSTANT_CONVERSION = YES;
				CLANG_WARN_DEPRECATED_OBJC_IMPLEMENTATIONS = YES;
				CLANG_WARN_DIRECT_OBJC_ISA_USAGE = YES_ERROR;
				CLANG_WARN_DOCUMENTATION_COMMENTS = YES;
				CLANG_WARN_EMPTY_BODY = YES;
				CLANG_WARN_ENUM_CONVERSION = YES;
				CLANG_WARN_INFINITE_RECURSION = YES;
				CLANG_WARN_INT_CONVERSION = YES;
				CLANG_WARN_NON_LITERAL_NULL_CONVERSION = YES;
				CLANG_WARN_OBJC_IMPLICIT_RETAIN_SELF = YES;
				CLANG_WARN_OBJC_LITERAL_CONVERSION = YES;
				CLANG_WARN_OBJC_ROOT_CLASS = YES_ERROR;
				CLANG_WARN_RANGE_LOOP_ANALYSIS = YES;
				CLANG_WARN_STRICT_PROTOTYPES = YES;
				CLANG_WARN_SUSPICIOUS_MOVE = YES;
				CLANG_WARN_UNGUARDED_AVAILABILITY = YES_AGGRESSIVE;
				CLANG_WARN_UNREACHABLE_CODE = YES;
				CLANG_WARN__DUPLICATE_METHOD_MATCH = YES;
				COPY_PHASE_STRIP = NO;
				DEBUG_INFORMATION_FORMAT = dwarf;
				ENABLE_STRICT_OBJC_MSGSEND = YES;
				ENABLE_TESTABILITY = YES;
				GCC_C_LANGUAGE_STANDARD = gnu11;
				GCC_DYNAMIC_NO_PIC = NO;
				GCC_NO_COMMON_BLOCKS = YES;
				GCC_OPTIMIZATION_LEVEL = 0;
				GCC_PREPROCESSOR_DEFINITIONS = (
					"DEBUG=1",
					"$(inherited)",
				);
				GCC_WARN_64_TO_32_BIT_CONVERSION = YES;
				GCC_WARN_ABOUT_RETURN_TYPE = YES_ERROR;
				GCC_WARN_UNDECLARED_SELECTOR = YES;
				GCC_WARN_UNINITIALIZED_AUTOS = YES_AGGRESSIVE;
				GCC_WARN_UNUSED_FUNCTION = YES;
				GCC_WARN_UNUSED_VARIABLE = YES;
				IPHONEOS_DEPLOYMENT_TARGET = 13.4;
				MTL_ENABLE_DEBUG_INFO = INCLUDE_SOURCE;
				MTL_FAST_MATH = YES;
				ONLY_ACTIVE_ARCH = YES;
				SDKROOT = iphoneos;
				SWIFT_ACTIVE_COMPILATION_CONDITIONS = DEBUG;
				SWIFT_OPTIMIZATION_LEVEL = "-Onone";
			};
			name = Debug;
		};
		BBCFD28C24AD740800B994FE /* Release */ = {
			isa = XCBuildConfiguration;
			buildSettings = {
				ALWAYS_SEARCH_USER_PATHS = NO;
				CLANG_ANALYZER_NONNULL = YES;
				CLANG_ANALYZER_NUMBER_OBJECT_CONVERSION = YES_AGGRESSIVE;
				CLANG_CXX_LANGUAGE_STANDARD = "gnu++14";
				CLANG_CXX_LIBRARY = "libc++";
				CLANG_ENABLE_MODULES = YES;
				CLANG_ENABLE_OBJC_ARC = YES;
				CLANG_ENABLE_OBJC_WEAK = YES;
				CLANG_WARN_BLOCK_CAPTURE_AUTORELEASING = YES;
				CLANG_WARN_BOOL_CONVERSION = YES;
				CLANG_WARN_COMMA = YES;
				CLANG_WARN_CONSTANT_CONVERSION = YES;
				CLANG_WARN_DEPRECATED_OBJC_IMPLEMENTATIONS = YES;
				CLANG_WARN_DIRECT_OBJC_ISA_USAGE = YES_ERROR;
				CLANG_WARN_DOCUMENTATION_COMMENTS = YES;
				CLANG_WARN_EMPTY_BODY = YES;
				CLANG_WARN_ENUM_CONVERSION = YES;
				CLANG_WARN_INFINITE_RECURSION = YES;
				CLANG_WARN_INT_CONVERSION = YES;
				CLANG_WARN_NON_LITERAL_NULL_CONVERSION = YES;
				CLANG_WARN_OBJC_IMPLICIT_RETAIN_SELF = YES;
				CLANG_WARN_OBJC_LITERAL_CONVERSION = YES;
				CLANG_WARN_OBJC_ROOT_CLASS = YES_ERROR;
				CLANG_WARN_RANGE_LOOP_ANALYSIS = YES;
				CLANG_WARN_STRICT_PROTOTYPES = YES;
				CLANG_WARN_SUSPICIOUS_MOVE = YES;
				CLANG_WARN_UNGUARDED_AVAILABILITY = YES_AGGRESSIVE;
				CLANG_WARN_UNREACHABLE_CODE = YES;
				CLANG_WARN__DUPLICATE_METHOD_MATCH = YES;
				COPY_PHASE_STRIP = NO;
				DEBUG_INFORMATION_FORMAT = "dwarf-with-dsym";
				ENABLE_NS_ASSERTIONS = NO;
				ENABLE_STRICT_OBJC_MSGSEND = YES;
				GCC_C_LANGUAGE_STANDARD = gnu11;
				GCC_NO_COMMON_BLOCKS = YES;
				GCC_WARN_64_TO_32_BIT_CONVERSION = YES;
				GCC_WARN_ABOUT_RETURN_TYPE = YES_ERROR;
				GCC_WARN_UNDECLARED_SELECTOR = YES;
				GCC_WARN_UNINITIALIZED_AUTOS = YES_AGGRESSIVE;
				GCC_WARN_UNUSED_FUNCTION = YES;
				GCC_WARN_UNUSED_VARIABLE = YES;
				IPHONEOS_DEPLOYMENT_TARGET = 13.4;
				MTL_ENABLE_DEBUG_INFO = NO;
				MTL_FAST_MATH = YES;
				SDKROOT = iphoneos;
				SWIFT_COMPILATION_MODE = wholemodule;
				SWIFT_OPTIMIZATION_LEVEL = "-O";
				VALIDATE_PRODUCT = YES;
			};
			name = Release;
		};
		BBCFD28E24AD740800B994FE /* Debug */ = {
			isa = XCBuildConfiguration;
			baseConfigurationReference = F84F7A599ACC86909B89BDC0 /* Pods-Chat-app.debug.xcconfig */;
			buildSettings = {
				ASSETCATALOG_COMPILER_APPICON_NAME = AppIcon;
				CODE_SIGN_STYLE = Automatic;
				INFOPLIST_FILE = "Chat-app/Info.plist";
				LD_RUNPATH_SEARCH_PATHS = (
					"$(inherited)",
					"@executable_path/Frameworks",
				);
				PRODUCT_BUNDLE_IDENTIFIER = "com.yukifu027.Chat-app";
				PRODUCT_NAME = "$(TARGET_NAME)";
				SWIFT_VERSION = 5.0;
				TARGETED_DEVICE_FAMILY = 1;
			};
			name = Debug;
		};
		BBCFD28F24AD740800B994FE /* Release */ = {
			isa = XCBuildConfiguration;
			baseConfigurationReference = 08C6A0858249196084FCC42D /* Pods-Chat-app.release.xcconfig */;
			buildSettings = {
				ASSETCATALOG_COMPILER_APPICON_NAME = AppIcon;
				CODE_SIGN_STYLE = Automatic;
				INFOPLIST_FILE = "Chat-app/Info.plist";
				LD_RUNPATH_SEARCH_PATHS = (
					"$(inherited)",
					"@executable_path/Frameworks",
				);
				PRODUCT_BUNDLE_IDENTIFIER = "com.yukifu027.Chat-app";
				PRODUCT_NAME = "$(TARGET_NAME)";
				SWIFT_VERSION = 5.0;
				TARGETED_DEVICE_FAMILY = 1;
			};
			name = Release;
		};
/* End XCBuildConfiguration section */

/* Begin XCConfigurationList section */
		BBCFD27424AD740600B994FE /* Build configuration list for PBXProject "Chat-app" */ = {
			isa = XCConfigurationList;
			buildConfigurations = (
				BBCFD28B24AD740800B994FE /* Debug */,
				BBCFD28C24AD740800B994FE /* Release */,
			);
			defaultConfigurationIsVisible = 0;
			defaultConfigurationName = Release;
		};
		BBCFD28D24AD740800B994FE /* Build configuration list for PBXNativeTarget "Chat-app" */ = {
			isa = XCConfigurationList;
			buildConfigurations = (
				BBCFD28E24AD740800B994FE /* Debug */,
				BBCFD28F24AD740800B994FE /* Release */,
			);
			defaultConfigurationIsVisible = 0;
			defaultConfigurationName = Release;
		};
/* End XCConfigurationList section */
	};
	rootObject = BBCFD27124AD740600B994FE /* Project object */;
}
